
Microsoft Visual Studio Solution File, Format Version 12.00
# Visual Studio Version 17
VisualStudioVersion = 17.5.33627.172
MinimumVisualStudioVersion = 10.0.40219.1
Project("{FAE04EC0-301F-11D3-BF4B-00C04F79EFBC}") = "NewWebAPI", "NewWebAPI\NewWebAPI.csproj", "{0ED24274-9B36-4B9F-8922-2FCF51E1BDF3}"
EndProject
Global
	GlobalSection(SolutionConfigurationPlatforms) = preSolution
		Debug|Any CPU = Debug|Any CPU
		Release|Any CPU = Release|Any CPU
	EndGlobalSection
	GlobalSection(ProjectConfigurationPlatforms) = postSolution
		{0ED24274-9B36-4B9F-8922-2FCF51E1BDF3}.Debug|Any CPU.ActiveCfg = Debug|Any CPU
		{0ED24274-9B36-4B9F-8922-2FCF51E1BDF3}.Debug|Any CPU.Build.0 = Debug|Any CPU
		{0ED24274-9B36-4B9F-8922-2FCF51E1BDF3}.Release|Any CPU.ActiveCfg = Release|Any CPU
		{0ED24274-9B36-4B9F-8922-2FCF51E1BDF3}.Release|Any CPU.Build.0 = Release|Any CPU
	EndGlobalSection
	GlobalSection(SolutionProperties) = preSolution
		HideSolutionNode = FALSE
	EndGlobalSection
	GlobalSection(ExtensibilityGlobals) = postSolution
		SolutionGuid = {57CCBDB8-8FF3-4805-BFEA-55E578B2EC26}
	EndGlobalSection
EndGlobal
